
Microsoft Visual Studio Solution File, Format Version 12.00
# Visual Studio 2013
VisualStudioVersion = 12.0.21005.1
MinimumVisualStudioVersion = 10.0.40219.1
Project("{FAE04EC0-301F-11D3-BF4B-00C04F79EFBC}") = "01.FillTheMatrix", "FillTheMatrix\01.FillTheMatrix.csproj", "{9964D758-F3D2-446F-B150-6BD12AA0F39A}"
EndProject
Project("{FAE04EC0-301F-11D3-BF4B-00C04F79EFBC}") = "01.SecondFill", "SecondFill\01.SecondFill.csproj", "{B13E09C5-33BD-4B68-B5D1-2FC558938ED0}"
EndProject
Project("{FAE04EC0-301F-11D3-BF4B-00C04F79EFBC}") = "02.MaximalSum", "MaximalSum\02.MaximalSum.csproj", "{84468B2B-DD3A-40E3-8297-491A45476497}"
EndProject
Global
	GlobalSection(SolutionConfigurationPlatforms) = preSolution
		Debug|Any CPU = Debug|Any CPU
		Release|Any CPU = Release|Any CPU
	EndGlobalSection
	GlobalSection(ProjectConfigurationPlatforms) = postSolution
		{9964D758-F3D2-446F-B150-6BD12AA0F39A}.Debug|Any CPU.ActiveCfg = Debug|Any CPU
		{9964D758-F3D2-446F-B150-6BD12AA0F39A}.Debug|Any CPU.Build.0 = Debug|Any CPU
		{9964D758-F3D2-446F-B150-6BD12AA0F39A}.Release|Any CPU.ActiveCfg = Release|Any CPU
		{9964D758-F3D2-446F-B150-6BD12AA0F39A}.Release|Any CPU.Build.0 = Release|Any CPU
		{B13E09C5-33BD-4B68-B5D1-2FC558938ED0}.Debug|Any CPU.ActiveCfg = Debug|Any CPU
		{B13E09C5-33BD-4B68-B5D1-2FC558938ED0}.Debug|Any CPU.Build.0 = Debug|Any CPU
		{B13E09C5-33BD-4B68-B5D1-2FC558938ED0}.Release|Any CPU.ActiveCfg = Release|Any CPU
		{B13E09C5-33BD-4B68-B5D1-2FC558938ED0}.Release|Any CPU.Build.0 = Release|Any CPU
		{84468B2B-DD3A-40E3-8297-491A45476497}.Debug|Any CPU.ActiveCfg = Debug|Any CPU
		{84468B2B-DD3A-40E3-8297-491A45476497}.Debug|Any CPU.Build.0 = Debug|Any CPU
		{84468B2B-DD3A-40E3-8297-491A45476497}.Release|Any CPU.ActiveCfg = Release|Any CPU
		{84468B2B-DD3A-40E3-8297-491A45476497}.Release|Any CPU.Build.0 = Release|Any CPU
	EndGlobalSection
	GlobalSection(SolutionProperties) = preSolution
		HideSolutionNode = FALSE
	EndGlobalSection
EndGlobal
